
Microsoft Visual Studio Solution File, Format Version 12.00
Project("{FAE04EC0-301F-11D3-BF4B-00C04F79EFBC}") = "WeatherServer", "WeatherServer\WeatherServer.csproj", "{0D38AF9E-987F-4F13-867B-D2D6F8497CF3}"
EndProject
Project("{FAE04EC0-301F-11D3-BF4B-00C04F79EFBC}") = "WeatherClient", "WeatherClient\WeatherClient.csproj", "{ADC34AF1-5AE2-4C92-A728-0241466225F3}"
EndProject
Global
	GlobalSection(SolutionConfigurationPlatforms) = preSolution
		Debug|Any CPU = Debug|Any CPU
		Release|Any CPU = Release|Any CPU
	EndGlobalSection
	GlobalSection(ProjectConfigurationPlatforms) = postSolution
		{0D38AF9E-987F-4F13-867B-D2D6F8497CF3}.Debug|Any CPU.ActiveCfg = Debug|Any CPU
		{0D38AF9E-987F-4F13-867B-D2D6F8497CF3}.Debug|Any CPU.Build.0 = Debug|Any CPU
		{0D38AF9E-987F-4F13-867B-D2D6F8497CF3}.Release|Any CPU.ActiveCfg = Release|Any CPU
		{0D38AF9E-987F-4F13-867B-D2D6F8497CF3}.Release|Any CPU.Build.0 = Release|Any CPU
		{ADC34AF1-5AE2-4C92-A728-0241466225F3}.Debug|Any CPU.ActiveCfg = Debug|Any CPU
		{ADC34AF1-5AE2-4C92-A728-0241466225F3}.Debug|Any CPU.Build.0 = Debug|Any CPU
		{ADC34AF1-5AE2-4C92-A728-0241466225F3}.Release|Any CPU.ActiveCfg = Release|Any CPU
		{ADC34AF1-5AE2-4C92-A728-0241466225F3}.Release|Any CPU.Build.0 = Release|Any CPU
	EndGlobalSection
EndGlobal
